
Microsoft Visual Studio Solution File, Format Version 12.00
# Visual Studio Version 16
VisualStudioVersion = 16.0.32602.291
MinimumVisualStudioVersion = 10.0.40219.1
Project("{9A19103F-16F7-4668-BE54-9A1E7A4F7556}") = "ConsoleApp1", "ConsoleApp1.csproj", "{33238F6A-A793-4F32-A322-4B78FF8C2590}"
EndProject
Project("{9A19103F-16F7-4668-BE54-9A1E7A4F7556}") = "CalculatorLibraryTests", "..\CalculatorLibraryTests\CalculatorLibraryTests.csproj", "{14B067C1-6238-48B8-9648-C4FE99199DAA}"
EndProject
Project("{2150E333-8FDC-42A3-9474-1A3956D46DE8}") = "Solution Items", "Solution Items", "{ABE22F9F-9653-4F92-A900-FF1ABAAD5303}"
	ProjectSection(SolutionItems) = preProject
		Readme.txt = Readme.txt
	EndProjectSection
EndProject
Project("{9A19103F-16F7-4668-BE54-9A1E7A4F7556}") = "CreditCalculator", "..\CreditCalculator\CreditCalculator.csproj", "{EC768A11-DDF2-4825-856F-689608849FAB}"
EndProject
Global
	GlobalSection(SolutionConfigurationPlatforms) = preSolution
		Debug|Any CPU = Debug|Any CPU
		Release|Any CPU = Release|Any CPU
	EndGlobalSection
	GlobalSection(ProjectConfigurationPlatforms) = postSolution
		{33238F6A-A793-4F32-A322-4B78FF8C2590}.Debug|Any CPU.ActiveCfg = Debug|Any CPU
		{33238F6A-A793-4F32-A322-4B78FF8C2590}.Debug|Any CPU.Build.0 = Debug|Any CPU
		{33238F6A-A793-4F32-A322-4B78FF8C2590}.Release|Any CPU.ActiveCfg = Release|Any CPU
		{33238F6A-A793-4F32-A322-4B78FF8C2590}.Release|Any CPU.Build.0 = Release|Any CPU
		{14B067C1-6238-48B8-9648-C4FE99199DAA}.Debug|Any CPU.ActiveCfg = Debug|Any CPU
		{14B067C1-6238-48B8-9648-C4FE99199DAA}.Debug|Any CPU.Build.0 = Debug|Any CPU
		{14B067C1-6238-48B8-9648-C4FE99199DAA}.Release|Any CPU.ActiveCfg = Release|Any CPU
		{14B067C1-6238-48B8-9648-C4FE99199DAA}.Release|Any CPU.Build.0 = Release|Any CPU
		{EC768A11-DDF2-4825-856F-689608849FAB}.Debug|Any CPU.ActiveCfg = Debug|Any CPU
		{EC768A11-DDF2-4825-856F-689608849FAB}.Debug|Any CPU.Build.0 = Debug|Any CPU
		{EC768A11-DDF2-4825-856F-689608849FAB}.Release|Any CPU.ActiveCfg = Release|Any CPU
		{EC768A11-DDF2-4825-856F-689608849FAB}.Release|Any CPU.Build.0 = Release|Any CPU
	EndGlobalSection
	GlobalSection(SolutionProperties) = preSolution
		HideSolutionNode = FALSE
	EndGlobalSection
	GlobalSection(ExtensibilityGlobals) = postSolution
		SolutionGuid = {CB7C6ECC-3A26-44F0-9859-8272E4F24D01}
	EndGlobalSection
EndGlobal
